
Microsoft Visual Studio Solution File, Format Version 12.00
# Visual Studio Version 16
VisualStudioVersion = 16.0.31129.286
MinimumVisualStudioVersion = 10.0.40219.1
Project("{FAE04EC0-301F-11D3-BF4B-00C04F79EFBC}") = "1", "1\1.csproj", "{141FD862-CD54-4BDF-8666-6CE48F38523C}"
EndProject
Global
	GlobalSection(SolutionConfigurationPlatforms) = preSolution
		Debug|Any CPU = Debug|Any CPU
		Release|Any CPU = Release|Any CPU
	EndGlobalSection
	GlobalSection(ProjectConfigurationPlatforms) = postSolution
		{141FD862-CD54-4BDF-8666-6CE48F38523C}.Debug|Any CPU.ActiveCfg = Debug|Any CPU
		{141FD862-CD54-4BDF-8666-6CE48F38523C}.Debug|Any CPU.Build.0 = Debug|Any CPU
		{141FD862-CD54-4BDF-8666-6CE48F38523C}.Release|Any CPU.ActiveCfg = Release|Any CPU
		{141FD862-CD54-4BDF-8666-6CE48F38523C}.Release|Any CPU.Build.0 = Release|Any CPU
	EndGlobalSection
	GlobalSection(SolutionProperties) = preSolution
		HideSolutionNode = FALSE
	EndGlobalSection
	GlobalSection(ExtensibilityGlobals) = postSolution
		SolutionGuid = {BBC37FEC-8821-4D07-8C19-E20EF801E37F}
	EndGlobalSection
EndGlobal
